
Microsoft Visual Studio Solution File, Format Version 12.00
# Visual Studio Version 17
VisualStudioVersion = 17.4.33403.182
MinimumVisualStudioVersion = 10.0.40219.1
Project("{FAE04EC0-301F-11D3-BF4B-00C04F79EFBC}") = "sergeantTheyDunHitThePentagon", "sergeantTheyDunHitThePentagon\sergeantTheyDunHitThePentagon.csproj", "{63BAC036-C5A6-464B-8C53-A444BD16E3DE}"
EndProject
Global
	GlobalSection(SolutionConfigurationPlatforms) = preSolution
		Debug|Any CPU = Debug|Any CPU
		Release|Any CPU = Release|Any CPU
	EndGlobalSection
	GlobalSection(ProjectConfigurationPlatforms) = postSolution
		{63BAC036-C5A6-464B-8C53-A444BD16E3DE}.Debug|Any CPU.ActiveCfg = Debug|Any CPU
		{63BAC036-C5A6-464B-8C53-A444BD16E3DE}.Debug|Any CPU.Build.0 = Debug|Any CPU
		{63BAC036-C5A6-464B-8C53-A444BD16E3DE}.Release|Any CPU.ActiveCfg = Release|Any CPU
		{63BAC036-C5A6-464B-8C53-A444BD16E3DE}.Release|Any CPU.Build.0 = Release|Any CPU
	EndGlobalSection
	GlobalSection(SolutionProperties) = preSolution
		HideSolutionNode = FALSE
	EndGlobalSection
	GlobalSection(ExtensibilityGlobals) = postSolution
		SolutionGuid = {F0EB14E9-72FC-42DE-B7BE-CC7751535B43}
	EndGlobalSection
EndGlobal
